
Microsoft Visual Studio Solution File, Format Version 12.00
# Visual Studio Version 17
VisualStudioVersion = 17.13.35919.96
MinimumVisualStudioVersion = 10.0.40219.1
Project("{FAE04EC0-301F-11D3-BF4B-00C04F79EFBC}") = "VisualVibe", "VisualVibe.csproj", "{97B27D41-B4DB-4FAC-8F82-701536B78C38}"
EndProject
Project("{FAE04EC0-301F-11D3-BF4B-00C04F79EFBC}") = "VisualVibe.Tests", "..\VisualVibe.Tests\VisualVibe.Tests.csproj", "{8F33D80C-49DE-4DA0-A721-3CCE20B221B5}"
EndProject
Global
	GlobalSection(SolutionConfigurationPlatforms) = preSolution
		Debug|Any CPU = Debug|Any CPU
		Release|Any CPU = Release|Any CPU
	EndGlobalSection
	GlobalSection(ProjectConfigurationPlatforms) = postSolution
		{97B27D41-B4DB-4FAC-8F82-701536B78C38}.Debug|Any CPU.ActiveCfg = Debug|Any CPU
		{97B27D41-B4DB-4FAC-8F82-701536B78C38}.Debug|Any CPU.Build.0 = Debug|Any CPU
		{97B27D41-B4DB-4FAC-8F82-701536B78C38}.Release|Any CPU.ActiveCfg = Release|Any CPU
		{97B27D41-B4DB-4FAC-8F82-701536B78C38}.Release|Any CPU.Build.0 = Release|Any CPU
		{8F33D80C-49DE-4DA0-A721-3CCE20B221B5}.Debug|Any CPU.ActiveCfg = Debug|Any CPU
		{8F33D80C-49DE-4DA0-A721-3CCE20B221B5}.Debug|Any CPU.Build.0 = Debug|Any CPU
		{8F33D80C-49DE-4DA0-A721-3CCE20B221B5}.Release|Any CPU.ActiveCfg = Release|Any CPU
		{8F33D80C-49DE-4DA0-A721-3CCE20B221B5}.Release|Any CPU.Build.0 = Release|Any CPU
	EndGlobalSection
	GlobalSection(SolutionProperties) = preSolution
		HideSolutionNode = FALSE
	EndGlobalSection
	GlobalSection(ExtensibilityGlobals) = postSolution
		SolutionGuid = {8506E7BA-1F26-4A90-AA98-308CEAF457E8}
	EndGlobalSection
EndGlobal
